{
  "R": {
    "Version": "4.1.3",
    "Repositories": [
      {
        "Name": "CRAN",
        "URL": "https://cran.rstudio.com"
      }
    ]
  },
  "Packages": {
    "R6": {
      "Package": "R6",
      "Version": "2.6.1",
      "Source": "Repository",
      "Repository": "CRAN",
      "Hash": "d4335fe7207f1c01ab8c41762f5840d4",
      "Requirements": []
    },
    "askpass": {
      "Package": "askpass",
      "Version": "1.2.1",
      "Source": "Repository",
      "Repository": "CRAN",
      "Hash": "c39f4155b3ceb1a9a2799d700fbd4b6a",
      "Requirements": [
        "sys"
      ]
    },
    "brio": {
      "Package": "brio",
      "Version": "1.1.5",
      "Source": "Repository",
      "Repository": "CRAN",
      "Hash": "c1ee497a6d999947c2c224ae46799b1a",
      "Requirements": []
    },
    "callr": {
      "Package": "callr",
      "Version": "3.7.6",
      "Source": "Repository",
      "Repository": "CRAN",
      "Hash": "d7e13f49c19103ece9e58ad2d83a7354",
      "Requirements": [
        "R6",
        "processx"
      ]
    },
    "cli": {
      "Package": "cli",
      "Version": "3.6.1",
      "Source": "Repository",
      "Repository": "CRAN",
      "Hash": "89e6d8219950eac806ae0c489052048a",
      "Requirements": []
    },
    "clipr": {
      "Package": "clipr",
      "Version": "0.7.1",
      "Source": "Repository",
      "Repository": "CRAN",
      "Hash": "ebaa97ac99cc2daf04e77eecc7b781d7",
      "Requirements": []
    },
    "crayon": {
      "Package": "crayon",
      "Version": "1.5.3",
      "Source": "Repository",
      "Repository": "CRAN",
      "Hash": "859d96e65ef198fd43e82b9628d593ef",
      "Requirements": []
    },
    "credentials": {
      "Package": "credentials",
      "Version": "1.3.2",
      "Source": "Repository",
      "Repository": "CRAN",
      "Hash": "93762d0a34d78e6a025efdbfb5c6bb41",
      "Requirements": [
        "askpass",
        "curl",
        "jsonlite",
        "openssl",
        "sys"
      ]
    },
    "curl": {
      "Package": "curl",
      "Version": "5.1.0",
      "Source": "Repository",
      "Repository": "CRAN",
      "Hash": "9123f3ef96a2c1a93927d828b2fe7d4c",
      "Requirements": []
    },
    "desc": {
      "Package": "desc",
      "Version": "1.4.3",
      "Source": "Repository",
      "Repository": "CRAN",
      "Hash": "99b79fcbd6c4d1ce087f5c5c758b384f",
      "Requirements": [
        "R6",
        "cli"
      ]
    },
    "diffobj": {
      "Package": "diffobj",
      "Version": "0.3.6",
      "Source": "Repository",
      "Repository": "CRAN",
      "Hash": "e036ce354ab60e705ac5f40bac87e8cb",
      "Requirements": [
        "crayon"
      ]
    },
    "digest": {
      "Package": "digest",
      "Version": "0.6.33",
      "Source": "Repository",
      "Repository": "CRAN",
      "Hash": "b18a9cf3c003977b0cc49d5e76ebe48d",
      "Requirements": []
    },
    "ellipsis": {
      "Package": "ellipsis",
      "Version": "0.3.2",
      "Source": "Repository",
      "Repository": "CRAN",
      "Hash": "bb0eec2fe32e88d9e2836c2f73ea2077",
      "Requirements": [
        "rlang"
      ]
    },
    "evaluate": {
      "Package": "evaluate",
      "Version": "1.0.3",
      "Source": "Repository",
      "Repository": "CRAN",
      "Hash": "e9651417729bbe7472e32b5027370e79",
      "Requirements": []
    },
    "fs": {
      "Package": "fs",
      "Version": "1.6.6",
      "Source": "Repository",
      "Repository": "CRAN",
      "Hash": "7eb1e342eee7e0a7449c49cdaa526d39",
      "Requirements": []
    },
    "gert": {
      "Package": "gert",
      "Version": "1.5.0",
      "Source": "Repository",
      "Repository": "CRAN",
      "Hash": "8fddce7cbd59467106266a6e93e253b4",
      "Requirements": [
        "askpass",
        "credentials",
        "openssl",
        "rstudioapi",
        "sys",
        "zip"
      ]
    },
    "gh": {
      "Package": "gh",
      "Version": "1.3.0",
      "Source": "Repository",
      "Repository": "CRAN",
      "Hash": "38c2580abbda249bd6afeec00d14f531",
      "Requirements": [
        "cli",
        "gitcreds",
        "httr",
        "ini",
        "jsonlite"
      ]
    },
    "gitcreds": {
      "Package": "gitcreds",
      "Version": "0.1.1",
      "Source": "Repository",
      "Repository": "CRAN",
      "Hash": "f3aefccc1cc50de6338146b62f115de8",
      "Requirements": []
    },
    "glue": {
      "Package": "glue",
      "Version": "1.8.0",
      "Source": "Repository",
      "Repository": "CRAN",
      "Hash": "5899f1eaa825580172bb56c08266f37c",
      "Requirements": []
    },
    "httr": {
      "Package": "httr",
      "Version": "1.4.7",
      "Source": "Repository",
      "Repository": "CRAN",
      "Hash": "ac107251d9d9fd72f0ca8049988f1d7f",
      "Requirements": [
        "R6",
        "curl",
        "jsonlite",
        "mime",
        "openssl"
      ]
    },
    "ini": {
      "Package": "ini",
      "Version": "0.3.1",
      "Source": "Repository",
      "Repository": "CRAN",
      "Hash": "6154ec2223172bce8162d4153cda21f7",
      "Requirements": []
    },
    "jsonlite": {
      "Package": "jsonlite",
      "Version": "1.8.7",
      "Source": "Repository",
      "Repository": "CRAN",
      "Hash": "266a20443ca13c65688b2116d5220f76",
      "Requirements": []
    },
    "lifecycle": {
      "Package": "lifecycle",
      "Version": "1.0.4",
      "Source": "Repository",
      "Repository": "CRAN",
      "Hash": "b8552d117e1b808b09a832f589b79035",
      "Requirements": [
        "cli",
        "glue",
        "rlang"
      ]
    },
    "magrittr": {
      "Package": "magrittr",
      "Version": "2.0.3",
      "Source": "Repository",
      "Repository": "CRAN",
      "Hash": "7ce2733a9826b3aeb1775d56fd305472",
      "Requirements": []
    },
    "mime": {
      "Package": "mime",
      "Version": "0.13",
      "Source": "Repository",
      "Repository": "CRAN",
      "Hash": "0ec19f34c72fab674d8f2b4b1c6410e1",
      "Requirements": []
    },
    "openssl": {
      "Package": "openssl",
      "Version": "2.3.2",
      "Source": "Repository",
      "Repository": "CRAN",
      "Hash": "bc54d87ebf858b28de18df4bca6528d3",
      "Requirements": [
        "askpass"
      ]
    },
    "pkgbuild": {
      "Package": "pkgbuild",
      "Version": "1.4.7",
      "Source": "Repository",
      "Repository": "CRAN",
      "Hash": "ae47817501cafc99f57586b6e5241134",
      "Requirements": [
        "R6",
        "callr",
        "cli",
        "desc",
        "processx"
      ]
    },
    "pkgload": {
      "Package": "pkgload",
      "Version": "1.4.0",
      "Source": "Repository",
      "Repository": "CRAN",
      "Hash": "2ec30ffbeec83da57655b850cf2d3e0e",
      "Requirements": [
        "cli",
        "desc",
        "fs",
        "glue",
        "lifecycle",
        "pkgbuild",
        "processx",
        "rlang",
        "rprojroot",
        "withr"
      ]
    },
    "praise": {
      "Package": "praise",
      "Version": "1.0.0",
      "Source": "Repository",
      "Repository": "CRAN",
      "Hash": "a555924add98c99d2f411e37e7d25e9f",
      "Requirements": []
    },
    "processx": {
      "Package": "processx",
      "Version": "3.8.2",
      "Source": "Repository",
      "Repository": "CRAN",
      "Hash": "3efbd8ac1be0296a46c55387aeace0f3",
      "Requirements": [
        "R6",
        "ps"
      ]
    },
    "ps": {
      "Package": "ps",
      "Version": "1.7.5",
      "Source": "Repository",
      "Repository": "CRAN",
      "Hash": "709d852d33178db54b17c722e5b1e594",
      "Requirements": []
    },
    "purrr": {
      "Package": "purrr",
      "Version": "1.0.4",
      "Source": "Repository",
      "Repository": "CRAN",
      "Hash": "cc8b5d43f90551fa6df0a6be5d640a4f",
      "Requirements": [
        "cli",
        "lifecycle",
        "magrittr",
        "rlang",
        "vctrs"
      ]
    },
    "rappdirs": {
      "Package": "rappdirs",
      "Version": "0.3.3",
      "Source": "Repository",
      "Repository": "CRAN",
      "Hash": "5e3c5dc0b071b21fa128676560dbe94d",
      "Requirements": []
    },
    "renv": {
      "Package": "renv",
      "Version": "0.16.0",
      "Source": "Repository",
      "Repository": "CRAN",
      "Hash": "c9e8442ab69bc21c9697ecf856c1e6c7",
      "Requirements": []
    },
    "rlang": {
      "Package": "rlang",
      "Version": "1.1.2",
      "Source": "Repository",
      "Repository": "CRAN",
      "Hash": "50a6dbdc522936ca35afc5e2082ea91b",
      "Requirements": []
    },
    "rprojroot": {
      "Package": "rprojroot",
      "Version": "2.0.4",
      "Source": "Repository",
      "Repository": "CRAN",
      "Hash": "4c8415e0ec1e29f3f4f6fc108bef0144",
      "Requirements": []
    },
    "rstudioapi": {
      "Package": "rstudioapi",
      "Version": "0.15.0",
      "Source": "Repository",
      "Repository": "CRAN",
      "Hash": "5564500e25cffad9e22244ced1379887",
      "Requirements": []
    },
    "sys": {
      "Package": "sys",
      "Version": "3.4.3",
      "Source": "Repository",
      "Repository": "CRAN",
      "Hash": "de342ebfebdbf40477d0758d05426646",
      "Requirements": []
    },
    "testthat": {
      "Package": "testthat",
      "Version": "3.2.0",
      "Source": "Repository",
      "Repository": "CRAN",
      "Hash": "877508719fcb8c9525eccdadf07a5102",
      "Requirements": [
        "R6",
        "brio",
        "callr",
        "cli",
        "desc",
        "digest",
        "ellipsis",
        "evaluate",
        "jsonlite",
        "lifecycle",
        "magrittr",
        "pkgload",
        "praise",
        "processx",
        "ps",
        "rlang",
        "waldo",
        "withr"
      ]
    },
    "usethis": {
      "Package": "usethis",
      "Version": "2.1.5",
      "Source": "Repository",
      "Repository": "CRAN",
      "Hash": "c499f488e6dd7718accffaee5bc5a79b",
      "Requirements": [
        "cli",
        "clipr",
        "crayon",
        "curl",
        "desc",
        "fs",
        "gert",
        "gh",
        "glue",
        "jsonlite",
        "lifecycle",
        "purrr",
        "rappdirs",
        "rlang",
        "rprojroot",
        "rstudioapi",
        "whisker",
        "withr",
        "yaml"
      ]
    },
    "vctrs": {
      "Package": "vctrs",
      "Version": "0.6.5",
      "Source": "Repository",
      "Repository": "CRAN",
      "Hash": "c03fa420630029418f7e6da3667aac4a",
      "Requirements": [
        "cli",
        "glue",
        "lifecycle",
        "rlang"
      ]
    },
    "waldo": {
      "Package": "waldo",
      "Version": "0.6.1",
      "Source": "Repository",
      "Repository": "CRAN",
      "Hash": "52f574062a7b66e56926988c3fbdb3b7",
      "Requirements": [
        "cli",
        "diffobj",
        "glue",
        "rlang"
      ]
    },
    "whisker": {
      "Package": "whisker",
      "Version": "0.4",
      "Source": "Repository",
      "Repository": "CRAN",
      "Hash": "ca970b96d894e90397ed20637a0c1bbe",
      "Requirements": []
    },
    "withr": {
      "Package": "withr",
      "Version": "3.0.2",
      "Source": "Repository",
      "Repository": "CRAN",
      "Hash": "cc2d62c76458d425210d1eb1478b30b4",
      "Requirements": []
    },
    "yaml": {
      "Package": "yaml",
      "Version": "2.3.10",
      "Source": "Repository",
      "Repository": "CRAN",
      "Hash": "51dab85c6c98e50a18d7551e9d49f76c",
      "Requirements": []
    },
    "zip": {
      "Package": "zip",
      "Version": "2.3.3",
      "Source": "Repository",
      "Repository": "CRAN",
      "Hash": "6ebe4b1dc74c3e50e74e316323629583",
      "Requirements": []
    }
  }
}
