{
  "R": {
    "Version": "4.1.3",
    "Repositories": [
      {
        "Name": "CRAN",
        "URL": "https://cran.rstudio.com"
      }
    ]
  },
  "Packages": {
    "codetools": {
      "Package": "codetools",
      "Version": "0.2-18",
      "Source": "Repository",
      "Repository": "CRAN",
      "Hash": "019388fc48e48b3da0d3a76ff94608a8",
      "Requirements": []
    },
    "doParallel": {
      "Package": "doParallel",
      "Version": "1.0.17",
      "Source": "Repository",
      "Repository": "CRAN",
      "Hash": "451e5edf411987991ab6a5410c45011f",
      "Requirements": [
        "foreach",
        "iterators"
      ]
    },
    "foreach": {
      "Package": "foreach",
      "Version": "1.5.2",
      "Source": "Repository",
      "Repository": "CRAN",
      "Hash": "618609b42c9406731ead03adf5379850",
      "Requirements": [
        "codetools",
        "iterators"
      ]
    },
    "iterators": {
      "Package": "iterators",
      "Version": "1.0.14",
      "Source": "Repository",
      "Repository": "CRAN",
      "Hash": "8954069286b4b2b0d023d1b288dce978",
      "Requirements": []
    },
    "renv": {
      "Package": "renv",
      "Version": "0.16.0",
      "Source": "Repository",
      "Repository": "CRAN",
      "Hash": "c9e8442ab69bc21c9697ecf856c1e6c7",
      "Requirements": []
    }
  }
}
