{
  "R": {
    "Version": "3.6.0",
    "Repositories": [
      {
        "Name": "CRAN",
        "URL": "https://cran.rstudio.com"
      }
    ]
  },
  "Packages": {
    "R6": {
      "Package": "R6",
      "Version": "2.5.0",
      "Source": "Repository",
      "Repository": "CRAN",
      "Hash": "b203113193e70978a696b2809525649d"
    },
    "RJSONIO": {
      "Package": "RJSONIO",
      "Version": "1.3-1.4",
      "Source": "Repository",
      "Repository": "CRAN",
      "Hash": "5465553c5320701393a2daaa42ed58f9"
    },
    "Rcpp": {
      "Package": "Rcpp",
      "Version": "1.0.5",
      "Source": "Repository",
      "Repository": "CRAN",
      "Hash": "125dc7a0ed375eb68c0ce533b48d291f"
    },
    "V8": {
      "Package": "V8",
      "Version": "3.4.0",
      "Source": "Repository",
      "Repository": "CRAN",
      "Hash": "8c5e8c58ff4fc8dfc67e24985005159b"
    },
    "XML": {
      "Package": "XML",
      "Version": "3.99-0.3",
      "Source": "Repository",
      "Repository": "CRAN",
      "Hash": "c1616606f097075542c12fb8a10a071e"
    },
    "arrow": {
      "Package": "arrow",
      "Version": "1.0.1",
      "Source": "Repository",
      "Repository": "CRAN",
      "Hash": "efda15fcd9c09800b3cc8fa301a43dde"
    },
    "assertthat": {
      "Package": "assertthat",
      "Version": "0.2.1",
      "Source": "Repository",
      "Repository": "CRAN",
      "Hash": "50c838a310445e954bc13f26f26a6ecf"
    },
    "bit": {
      "Package": "bit",
      "Version": "4.0.4",
      "Source": "Repository",
      "Repository": "CRAN",
      "Hash": "f36715f14d94678eea9933af927bc15d"
    },
    "bit64": {
      "Package": "bit64",
      "Version": "4.0.5",
      "Source": "Repository",
      "Repository": "CRAN",
      "Hash": "9fe98599ca456d6552421db0d6772d8f"
    },
    "callr": {
      "Package": "callr",
      "Version": "3.4.3",
      "Source": "Repository",
      "Repository": "CRAN",
      "Hash": "643163a00cb536454c624883a10ae0bc"
    },
    "cli": {
      "Package": "cli",
      "Version": "2.0.2",
      "Source": "Repository",
      "Repository": "CRAN",
      "Hash": "ff0becff7bfdfe3f75d29aff8f3172dd"
    },
    "crayon": {
      "Package": "crayon",
      "Version": "1.3.4",
      "Source": "Repository",
      "Repository": "CRAN",
      "Hash": "0d57bc8e27b7ba9e45dba825ebc0de6b"
    },
    "curl": {
      "Package": "curl",
      "Version": "4.3",
      "Source": "Repository",
      "Repository": "CRAN",
      "Hash": "2b7d10581cc730804e9ed178c8374bd6"
    },
    "desc": {
      "Package": "desc",
      "Version": "1.2.0",
      "Source": "Repository",
      "Repository": "CRAN",
      "Hash": "6c8fe8fa26a23b79949375d372c7b395"
    },
    "digest": {
      "Package": "digest",
      "Version": "0.6.27",
      "Source": "Repository",
      "Repository": "CRAN",
      "Hash": "a0cbe758a531d054b537d16dff4d58a1"
    },
    "ellipsis": {
      "Package": "ellipsis",
      "Version": "0.3.1",
      "Source": "Repository",
      "Repository": "CRAN",
      "Hash": "fd2844b3a43ae2d27e70ece2df1b4e2a"
    },
    "evaluate": {
      "Package": "evaluate",
      "Version": "0.14",
      "Source": "Repository",
      "Repository": "CRAN",
      "Hash": "ec8ca05cffcc70569eaaad8469d2a3a7"
    },
    "fansi": {
      "Package": "fansi",
      "Version": "0.4.1",
      "Source": "Repository",
      "Repository": "CRAN",
      "Hash": "7fce217eaaf8016e72065e85c73027b5"
    },
    "generics": {
      "Package": "generics",
      "Version": "0.0.2",
      "Source": "Repository",
      "Repository": "CRAN",
      "Hash": "b8cff1d1391fd1ad8b65877f4c7f2e53"
    },
    "geojsonsf": {
      "Package": "geojsonsf",
      "Version": "2.0.0",
      "Source": "Repository",
      "Repository": "CRAN",
      "Hash": "26519a4f3231dc58fcfb2e931c0ca502"
    },
    "glue": {
      "Package": "glue",
      "Version": "1.4.2",
      "Source": "Repository",
      "Repository": "CRAN",
      "Hash": "6efd734b14c6471cfe443345f3e35e29"
    },
    "jsonify": {
      "Package": "jsonify",
      "Version": "1.2.1",
      "Source": "Repository",
      "Repository": "CRAN",
      "Hash": "f435875f0eb7de52ade944ed82ee9089"
    },
    "jsonlite": {
      "Package": "jsonlite",
      "Version": "1.7.2",
      "Source": "Repository",
      "Repository": "CRAN",
      "Hash": "98138e0994d41508c7a6b84a0600cfcb"
    },
    "jsonvalidate": {
      "Package": "jsonvalidate",
      "Version": "1.1.0",
      "Source": "Repository",
      "Repository": "CRAN",
      "Hash": "81054bf17db72db68871baefcfd209cf"
    },
    "lgr": {
      "Package": "lgr",
      "Version": "0.3.4",
      "Source": "Repository",
      "Repository": "CRAN",
      "Hash": "bb1b4226102afa014867e8fd4f540f22"
    },
    "lubridate": {
      "Package": "lubridate",
      "Version": "1.7.9",
      "Source": "Repository",
      "Repository": "CRAN",
      "Hash": "fc1c91e2e8d9e1fc932e75aa1ed989b7"
    },
    "magrittr": {
      "Package": "magrittr",
      "Version": "2.0.1",
      "Source": "Repository",
      "Repository": "CRAN",
      "Hash": "41287f1ac7d28a92f0a286ed507928d3"
    },
    "pander": {
      "Package": "pander",
      "Version": "0.6.3",
      "Source": "Repository",
      "Repository": "CRAN",
      "Hash": "121198ce37b5a6b5227edc5a38223da4"
    },
    "pkgbuild": {
      "Package": "pkgbuild",
      "Version": "1.1.0",
      "Source": "Repository",
      "Repository": "CRAN",
      "Hash": "404684bc4e3685007f9720adf13b06c1"
    },
    "pkgload": {
      "Package": "pkgload",
      "Version": "1.1.0",
      "Source": "Repository",
      "Repository": "CRAN",
      "Hash": "b6b150cd4709e0c0c9b5d51ac4376282"
    },
    "plyr": {
      "Package": "plyr",
      "Version": "1.8.6",
      "Source": "Repository",
      "Repository": "CRAN",
      "Hash": "ec0e5ab4e5f851f6ef32cd1d1984957f"
    },
    "polynom": {
      "Package": "polynom",
      "Version": "1.4-0",
      "Source": "Repository",
      "Repository": "CRAN",
      "Hash": "c396592ecfe9e75cee1013533efafe34"
    },
    "praise": {
      "Package": "praise",
      "Version": "1.0.0",
      "Source": "Repository",
      "Repository": "CRAN",
      "Hash": "a555924add98c99d2f411e37e7d25e9f"
    },
    "prettyunits": {
      "Package": "prettyunits",
      "Version": "1.1.1",
      "Source": "Repository",
      "Repository": "CRAN",
      "Hash": "95ef9167b75dde9d2ccc3c7528393e7e"
    },
    "processx": {
      "Package": "processx",
      "Version": "3.4.3",
      "Source": "Repository",
      "Repository": "CRAN",
      "Hash": "f4f13345fcb00c51ace12f65dd18749f"
    },
    "ps": {
      "Package": "ps",
      "Version": "1.3.4",
      "Source": "Repository",
      "Repository": "CRAN",
      "Hash": "a54a7dfd68124abb2225dbfa9a85c457"
    },
    "purrr": {
      "Package": "purrr",
      "Version": "0.3.4",
      "Source": "Repository",
      "Repository": "CRAN",
      "Hash": "97def703420c8ab10d8f0e6c72101e02"
    },
    "rapidjsonr": {
      "Package": "rapidjsonr",
      "Version": "1.2.0",
      "Source": "Repository",
      "Repository": "CRAN",
      "Hash": "88b9f48c93d17cdb811b54079a6a414f"
    },
    "rapportools": {
      "Package": "rapportools",
      "Version": "1.0",
      "Source": "Repository",
      "Repository": "CRAN",
      "Hash": "91e40b68935a214e80ce91b628519253"
    },
    "renv": {
      "Package": "renv",
      "Version": "0.9.3",
      "Source": "Repository",
      "Repository": "CRAN",
      "Hash": "c1a367437d8a8a44bec4b9d4974cb20c"
    },
    "reshape": {
      "Package": "reshape",
      "Version": "0.8.8",
      "Source": "Repository",
      "Repository": "CRAN",
      "Hash": "0f4d941129e00ed34a7d192b1da7ccef"
    },
    "rjson": {
      "Package": "rjson",
      "Version": "0.2.20",
      "Source": "Repository",
      "Repository": "CRAN",
      "Hash": "7d597f982ee6263716b6a2f28efd29fa"
    },
    "rlang": {
      "Package": "rlang",
      "Version": "0.4.7",
      "Source": "Repository",
      "Repository": "CRAN",
      "Hash": "c06d2a6887f4b414f8e927afd9ee976a"
    },
    "rprojroot": {
      "Package": "rprojroot",
      "Version": "2.0.2",
      "Source": "Repository",
      "Repository": "CRAN",
      "Hash": "249d8cd1e74a8f6a26194a91b47f21d1"
    },
    "rstudioapi": {
      "Package": "rstudioapi",
      "Version": "0.11",
      "Source": "Repository",
      "Repository": "CRAN",
      "Hash": "33a5b27a03da82ac4b1d43268f80088a"
    },
    "sfheaders": {
      "Package": "sfheaders",
      "Version": "0.2.2",
      "Source": "Repository",
      "Repository": "CRAN",
      "Hash": "d69b3f4a19888552509cebe2d116afde"
    },
    "testthat": {
      "Package": "testthat",
      "Version": "2.3.2",
      "Source": "Repository",
      "Repository": "CRAN",
      "Hash": "0829b987b8961fb07f3b1b64a2fbc495"
    },
    "tidyselect": {
      "Package": "tidyselect",
      "Version": "1.1.0",
      "Source": "Repository",
      "Repository": "CRAN",
      "Hash": "6ea435c354e8448819627cf686f66e0a"
    },
    "vctrs": {
      "Package": "vctrs",
      "Version": "0.3.4",
      "Source": "Repository",
      "Repository": "CRAN",
      "Hash": "0bc90078aeee42f2520b1d0a33bd6758"
    },
    "withr": {
      "Package": "withr",
      "Version": "2.2.0",
      "Source": "Repository",
      "Repository": "CRAN",
      "Hash": "ecd17882a0b4419545691e095b74ee89"
    },
    "xml2": {
      "Package": "xml2",
      "Version": "1.3.2",
      "Source": "Repository",
      "Repository": "CRAN",
      "Hash": "d4d71a75dd3ea9eb5fa28cc21f9585e2"
    }
  }
}
