{
  "R": {
    "Version": "3.6.0",
    "Repositories": [
      {
        "Name": "CRAN",
        "URL": "https://cran.rstudio.com"
      }
    ]
  },
  "Packages": {
    "R6": {
      "Package": "R6",
      "Version": "2.4.1",
      "Source": "Repository",
      "Repository": "CRAN",
      "Hash": "292b54f8f4b94669b08f94e5acce6be2"
    },
    "RJSONIO": {
      "Package": "RJSONIO",
      "Version": "1.3-1.1",
      "Source": "Repository",
      "Repository": "CRAN",
      "Hash": "f9858dfc0c3da03251ac28a481658559"
    },
    "Rcpp": {
      "Package": "Rcpp",
      "Version": "1.0.4.6",
      "Source": "Repository",
      "Repository": "CRAN",
      "Hash": "e652f23d8b1807cc975c51410d05b72f"
    },
    "V8": {
      "Package": "V8",
      "Version": "3.0.1",
      "Source": "Repository",
      "Repository": "CRAN",
      "Hash": "7d1118179f4cb56f5e49e58b166999fe"
    },
    "XML": {
      "Package": "XML",
      "Version": "3.99-0.3",
      "Source": "Repository",
      "Repository": "CRAN",
      "Hash": "c1616606f097075542c12fb8a10a071e"
    },
    "arrow": {
      "Package": "arrow",
      "Version": "0.17.1",
      "Source": "GitHub",
      "RemoteType": "github",
      "RemoteHost": "api.github.com",
      "RemoteRepo": "arrow",
      "RemoteUsername": "apache",
      "RemoteRef": "apache-arrow-0.17.1",
      "RemoteSha": "ff7ee06020949daf66ac05090753e1a17736d9fa",
      "RemoteSubdir": "r",
      "Hash": "f9a8e343d15d22c182bf948591a03b11"
    },
    "assertthat": {
      "Package": "assertthat",
      "Version": "0.2.1",
      "Source": "Repository",
      "Repository": "CRAN",
      "Hash": "50c838a310445e954bc13f26f26a6ecf"
    },
    "backports": {
      "Package": "backports",
      "Version": "1.1.8",
      "Source": "Repository",
      "Repository": "CRAN",
      "Hash": "3ef0eac19317fd03c0c854aed581d473"
    },
    "bit": {
      "Package": "bit",
      "Version": "1.1-15.2",
      "Source": "Repository",
      "Repository": "CRAN",
      "Hash": "eb6c52d8cc44463085a4cde1c63df163"
    },
    "bit64": {
      "Package": "bit64",
      "Version": "0.9-7",
      "Source": "Repository",
      "Repository": "CRAN",
      "Hash": "3338d4a9b1352f5a613e2bdcefe784ea"
    },
    "callr": {
      "Package": "callr",
      "Version": "3.4.3",
      "Source": "Repository",
      "Repository": "CRAN",
      "Hash": "643163a00cb536454c624883a10ae0bc"
    },
    "cli": {
      "Package": "cli",
      "Version": "2.0.2",
      "Source": "Repository",
      "Repository": "CRAN",
      "Hash": "ff0becff7bfdfe3f75d29aff8f3172dd"
    },
    "crayon": {
      "Package": "crayon",
      "Version": "1.3.4",
      "Source": "Repository",
      "Repository": "CRAN",
      "Hash": "0d57bc8e27b7ba9e45dba825ebc0de6b"
    },
    "curl": {
      "Package": "curl",
      "Version": "4.3",
      "Source": "Repository",
      "Repository": "CRAN",
      "Hash": "2b7d10581cc730804e9ed178c8374bd6"
    },
    "desc": {
      "Package": "desc",
      "Version": "1.2.0",
      "Source": "Repository",
      "Repository": "CRAN",
      "Hash": "6c8fe8fa26a23b79949375d372c7b395"
    },
    "digest": {
      "Package": "digest",
      "Version": "0.6.25",
      "Source": "Repository",
      "Repository": "CRAN",
      "Hash": "f697db7d92b7028c4b3436e9603fb636"
    },
    "ellipsis": {
      "Package": "ellipsis",
      "Version": "0.3.1",
      "Source": "Repository",
      "Repository": "CRAN",
      "Hash": "fd2844b3a43ae2d27e70ece2df1b4e2a"
    },
    "evaluate": {
      "Package": "evaluate",
      "Version": "0.14",
      "Source": "Repository",
      "Repository": "CRAN",
      "Hash": "ec8ca05cffcc70569eaaad8469d2a3a7"
    },
    "fansi": {
      "Package": "fansi",
      "Version": "0.4.1",
      "Source": "Repository",
      "Repository": "CRAN",
      "Hash": "7fce217eaaf8016e72065e85c73027b5"
    },
    "generics": {
      "Package": "generics",
      "Version": "0.0.2",
      "Source": "Repository",
      "Repository": "CRAN",
      "Hash": "b8cff1d1391fd1ad8b65877f4c7f2e53"
    },
    "geojsonsf": {
      "Package": "geojsonsf",
      "Version": "2.0.0",
      "Source": "Repository",
      "Repository": "CRAN",
      "Hash": "26519a4f3231dc58fcfb2e931c0ca502"
    },
    "glue": {
      "Package": "glue",
      "Version": "1.4.1",
      "Source": "Repository",
      "Repository": "CRAN",
      "Hash": "f43e0d5e85ccb0a4045670c0607ee504"
    },
    "jsonify": {
      "Package": "jsonify",
      "Version": "1.2.1",
      "Source": "Repository",
      "Repository": "CRAN",
      "Hash": "f435875f0eb7de52ade944ed82ee9089"
    },
    "jsonlite": {
      "Package": "jsonlite",
      "Version": "1.6.1",
      "Source": "Repository",
      "Repository": "CRAN",
      "Hash": "84b0ee361e2f78d6b7d670db9471c0c5"
    },
    "jsonvalidate": {
      "Package": "jsonvalidate",
      "Version": "1.1.0",
      "Source": "Repository",
      "Repository": "CRAN",
      "Hash": "81054bf17db72db68871baefcfd209cf"
    },
    "lgr": {
      "Package": "lgr",
      "Version": "0.3.4",
      "Source": "Repository",
      "Repository": "CRAN",
      "Hash": "bb1b4226102afa014867e8fd4f540f22"
    },
    "lubridate": {
      "Package": "lubridate",
      "Version": "1.7.9",
      "Source": "Repository",
      "Repository": "CRAN",
      "Hash": "fc1c91e2e8d9e1fc932e75aa1ed989b7"
    },
    "magrittr": {
      "Package": "magrittr",
      "Version": "1.5",
      "Source": "Repository",
      "Repository": "CRAN",
      "Hash": "1bb58822a20301cee84a41678e25d9b7"
    },
    "pander": {
      "Package": "pander",
      "Version": "0.6.3",
      "Source": "Repository",
      "Repository": "CRAN",
      "Hash": "121198ce37b5a6b5227edc5a38223da4"
    },
    "pkgbuild": {
      "Package": "pkgbuild",
      "Version": "1.0.8",
      "Source": "Repository",
      "Repository": "CRAN",
      "Hash": "8d8b5e29223aabb829246397299f0592"
    },
    "pkgload": {
      "Package": "pkgload",
      "Version": "1.1.0",
      "Source": "Repository",
      "Repository": "CRAN",
      "Hash": "b6b150cd4709e0c0c9b5d51ac4376282"
    },
    "plyr": {
      "Package": "plyr",
      "Version": "1.8.6",
      "Source": "Repository",
      "Repository": "CRAN",
      "Hash": "ec0e5ab4e5f851f6ef32cd1d1984957f"
    },
    "polynom": {
      "Package": "polynom",
      "Version": "1.4-0",
      "Source": "Repository",
      "Repository": "CRAN",
      "Hash": "c396592ecfe9e75cee1013533efafe34"
    },
    "praise": {
      "Package": "praise",
      "Version": "1.0.0",
      "Source": "Repository",
      "Repository": "CRAN",
      "Hash": "a555924add98c99d2f411e37e7d25e9f"
    },
    "prettyunits": {
      "Package": "prettyunits",
      "Version": "1.1.1",
      "Source": "Repository",
      "Repository": "CRAN",
      "Hash": "95ef9167b75dde9d2ccc3c7528393e7e"
    },
    "processx": {
      "Package": "processx",
      "Version": "3.4.2",
      "Source": "Repository",
      "Repository": "CRAN",
      "Hash": "20a082f2bde0ffcd8755779fd476a274"
    },
    "ps": {
      "Package": "ps",
      "Version": "1.3.3",
      "Source": "Repository",
      "Repository": "CRAN",
      "Hash": "425d938eb9c02906a8ac98c0c2a306b5"
    },
    "purrr": {
      "Package": "purrr",
      "Version": "0.3.4",
      "Source": "Repository",
      "Repository": "CRAN",
      "Hash": "97def703420c8ab10d8f0e6c72101e02"
    },
    "rapidjsonr": {
      "Package": "rapidjsonr",
      "Version": "1.2.0",
      "Source": "Repository",
      "Repository": "CRAN",
      "Hash": "88b9f48c93d17cdb811b54079a6a414f"
    },
    "rapportools": {
      "Package": "rapportools",
      "Version": "1.0",
      "Source": "Repository",
      "Repository": "CRAN",
      "Hash": "91e40b68935a214e80ce91b628519253"
    },
    "renv": {
      "Package": "renv",
      "Version": "0.9.3",
      "Source": "Repository",
      "Repository": "CRAN",
      "Hash": "c1a367437d8a8a44bec4b9d4974cb20c"
    },
    "reshape": {
      "Package": "reshape",
      "Version": "0.8.8",
      "Source": "Repository",
      "Repository": "CRAN",
      "Hash": "0f4d941129e00ed34a7d192b1da7ccef"
    },
    "rjson": {
      "Package": "rjson",
      "Version": "0.2.20",
      "Source": "Repository",
      "Repository": "CRAN",
      "Hash": "7d597f982ee6263716b6a2f28efd29fa"
    },
    "rlang": {
      "Package": "rlang",
      "Version": "0.4.6",
      "Source": "Repository",
      "Repository": "CRAN",
      "Hash": "aa263e3ce17b177c49e0daade2ee3cdc"
    },
    "rprojroot": {
      "Package": "rprojroot",
      "Version": "1.3-2",
      "Source": "Repository",
      "Repository": "CRAN",
      "Hash": "f6a407ae5dd21f6f80a6708bbb6eb3ae"
    },
    "rstudioapi": {
      "Package": "rstudioapi",
      "Version": "0.11",
      "Source": "Repository",
      "Repository": "CRAN",
      "Hash": "33a5b27a03da82ac4b1d43268f80088a"
    },
    "sfheaders": {
      "Package": "sfheaders",
      "Version": "0.2.2",
      "Source": "Repository",
      "Repository": "CRAN",
      "Hash": "d69b3f4a19888552509cebe2d116afde"
    },
    "testthat": {
      "Package": "testthat",
      "Version": "2.3.2",
      "Source": "Repository",
      "Repository": "CRAN",
      "Hash": "0829b987b8961fb07f3b1b64a2fbc495"
    },
    "tidyselect": {
      "Package": "tidyselect",
      "Version": "1.1.0",
      "Source": "Repository",
      "Repository": "CRAN",
      "Hash": "6ea435c354e8448819627cf686f66e0a"
    },
    "vctrs": {
      "Package": "vctrs",
      "Version": "0.3.1",
      "Source": "Repository",
      "Repository": "CRAN",
      "Hash": "1739235995f08583db4095a28c357207"
    },
    "withr": {
      "Package": "withr",
      "Version": "2.2.0",
      "Source": "Repository",
      "Repository": "CRAN",
      "Hash": "ecd17882a0b4419545691e095b74ee89"
    },
    "xml2": {
      "Package": "xml2",
      "Version": "1.2.0",
      "Source": "Repository",
      "Repository": "CRAN",
      "Hash": "300860f90d5798249a0a8ad9271d4c18"
    }
  }
}
