{
  "R": {
    "Version": "4.5.2",
    "Repositories": [
      {
        "Name": "CRAN",
        "URL": "https://cloud.r-project.org"
      }
    ]
  },
  "Packages": {
    "R6": {
      "Package": "R6",
      "Version": "2.6.1",
      "Source": "Repository",
      "Title": "Encapsulated Classes with Reference Semantics",
      "Authors@R": "c( person(\"Winston\", \"Chang\", , \"winston@posit.co\", role = c(\"aut\", \"cre\")), person(\"Posit Software, PBC\", role = c(\"cph\", \"fnd\")) )",
      "Description": "Creates classes with reference semantics, similar to R's built-in reference classes. Compared to reference classes, R6 classes are simpler and lighter-weight, and they are not built on S4 classes so they do not require the methods package. These classes allow public and private members, and they support inheritance, even when the classes are defined in different packages.",
      "License": "MIT + file LICENSE",
      "URL": "https://r6.r-lib.org, https://github.com/r-lib/R6",
      "BugReports": "https://github.com/r-lib/R6/issues",
      "Depends": [
        "R (>= 3.6)"
      ],
      "Suggests": [
        "lobstr",
        "testthat (>= 3.0.0)"
      ],
      "Config/Needs/website": "tidyverse/tidytemplate, ggplot2, microbenchmark, scales",
      "Config/testthat/edition": "3",
      "Encoding": "UTF-8",
      "RoxygenNote": "7.3.2",
      "NeedsCompilation": "no",
      "Author": "Winston Chang [aut, cre], Posit Software, PBC [cph, fnd]",
      "Maintainer": "Winston Chang <winston@posit.co>",
      "Repository": "CRAN"
    },
    "cli": {
      "Package": "cli",
      "Version": "3.6.6",
      "Source": "Repository",
      "Title": "Helpers for Developing Command Line Interfaces",
      "Authors@R": "c( person(\"Gábor\", \"Csárdi\", , \"gabor@posit.co\", role = c(\"aut\", \"cre\")), person(\"Hadley\", \"Wickham\", role = \"ctb\"), person(\"Kirill\", \"Müller\", role = \"ctb\"), person(\"Salim\", \"Brüggemann\", , \"salim-b@pm.me\", role = \"ctb\", comment = c(ORCID = \"0000-0002-5329-5987\")), person(\"Posit Software, PBC\", role = c(\"cph\", \"fnd\"), comment = c(ROR = \"03wc8by49\")) )",
      "Description": "A suite of tools to build attractive command line interfaces ('CLIs'), from semantic elements: headings, lists, alerts, paragraphs, etc. Supports custom themes via a 'CSS'-like language. It also contains a number of lower level 'CLI' elements: rules, boxes, trees, and 'Unicode' symbols with 'ASCII' alternatives. It support ANSI colors and text styles as well.",
      "License": "MIT + file LICENSE",
      "URL": "https://cli.r-lib.org, https://github.com/r-lib/cli",
      "BugReports": "https://github.com/r-lib/cli/issues",
      "Depends": [
        "R (>= 3.4)"
      ],
      "Imports": [
        "utils"
      ],
      "Suggests": [
        "callr",
        "covr",
        "crayon",
        "digest",
        "glue (>= 1.6.0)",
        "grDevices",
        "htmltools",
        "htmlwidgets",
        "knitr",
        "methods",
        "processx",
        "ps (>= 1.3.4.9000)",
        "rlang (>= 1.0.2.9003)",
        "rmarkdown",
        "rprojroot",
        "rstudioapi",
        "testthat (>= 3.2.0)",
        "tibble",
        "whoami",
        "withr"
      ],
      "Config/Needs/website": "r-lib/asciicast, bench, brio, cpp11, decor, desc, fansi, prettyunits, sessioninfo, tidyverse/tidytemplate, usethis, vctrs",
      "Config/testthat/edition": "3",
      "Config/usethis/last-upkeep": "2025-04-25",
      "Encoding": "UTF-8",
      "RoxygenNote": "7.3.2.9000",
      "NeedsCompilation": "yes",
      "Author": "Gábor Csárdi [aut, cre], Hadley Wickham [ctb], Kirill Müller [ctb], Salim Brüggemann [ctb] (ORCID: <https://orcid.org/0000-0002-5329-5987>), Posit Software, PBC [cph, fnd] (ROR: <https://ror.org/03wc8by49>)",
      "Maintainer": "Gábor Csárdi <gabor@posit.co>",
      "Repository": "CRAN"
    },
    "codetools": {
      "Package": "codetools",
      "Version": "0.2-20",
      "Source": "Repository",
      "Priority": "recommended",
      "Author": "Luke Tierney <luke-tierney@uiowa.edu>",
      "Description": "Code analysis tools for R.",
      "Title": "Code Analysis Tools for R",
      "Depends": [
        "R (>= 2.1)"
      ],
      "Maintainer": "Luke Tierney <luke-tierney@uiowa.edu>",
      "URL": "https://gitlab.com/luke-tierney/codetools",
      "License": "GPL",
      "NeedsCompilation": "no",
      "Repository": "CRAN"
    },
    "cpp11": {
      "Package": "cpp11",
      "Version": "0.5.5",
      "Source": "Repository",
      "Title": "A C++11 Interface for R's C Interface",
      "Authors@R": "c( person(\"Davis\", \"Vaughan\", email = \"davis@posit.co\", role = c(\"aut\", \"cre\"), comment = c(ORCID = \"0000-0003-4777-038X\")), person(\"Jim\",\"Hester\", role = \"aut\", comment = c(ORCID = \"0000-0002-2739-7082\")), person(\"Romain\", \"François\", role = \"aut\", comment = c(ORCID = \"0000-0002-2444-4226\")), person(\"Benjamin\", \"Kietzman\", role = \"ctb\"), person(\"Posit Software, PBC\", role = c(\"cph\", \"fnd\")) )",
      "Description": "Provides a header only, C++11 interface to R's C interface.  Compared to other approaches 'cpp11' strives to be safe against long jumps from the C API as well as C++ exceptions, conform to normal R function semantics and supports interaction with 'ALTREP' vectors.",
      "License": "MIT + file LICENSE",
      "URL": "https://cpp11.r-lib.org, https://github.com/r-lib/cpp11",
      "BugReports": "https://github.com/r-lib/cpp11/issues",
      "Depends": [
        "R (>= 4.0.0)"
      ],
      "Suggests": [
        "bench",
        "brio",
        "callr",
        "cli",
        "covr",
        "decor",
        "desc",
        "ggplot2",
        "glue",
        "knitr",
        "lobstr",
        "mockery",
        "progress",
        "rmarkdown",
        "scales",
        "Rcpp",
        "testthat (>= 3.2.0)",
        "tibble",
        "utils",
        "vctrs",
        "withr"
      ],
      "VignetteBuilder": "knitr",
      "Config/Needs/website": "tidyverse/tidytemplate",
      "Config/testthat/edition": "3",
      "Config/Needs/cpp11/cpp_register": "brio, cli, decor, desc, glue, tibble, vctrs",
      "Encoding": "UTF-8",
      "RoxygenNote": "7.3.3",
      "NeedsCompilation": "no",
      "Author": "Davis Vaughan [aut, cre] (ORCID: <https://orcid.org/0000-0003-4777-038X>), Jim Hester [aut] (ORCID: <https://orcid.org/0000-0002-2739-7082>), Romain François [aut] (ORCID: <https://orcid.org/0000-0002-2444-4226>), Benjamin Kietzman [ctb], Posit Software, PBC [cph, fnd]",
      "Maintainer": "Davis Vaughan <davis@posit.co>",
      "Repository": "CRAN"
    },
    "doParallel": {
      "Package": "doParallel",
      "Version": "1.0.17",
      "Source": "Repository",
      "Type": "Package",
      "Title": "Foreach Parallel Adaptor for the 'parallel' Package",
      "Authors@R": "c(person(\"Folashade\", \"Daniel\", role=\"cre\", email=\"fdaniel@microsoft.com\"), person(\"Microsoft\", \"Corporation\", role=c(\"aut\", \"cph\")), person(\"Steve\", \"Weston\", role=\"aut\"), person(\"Dan\", \"Tenenbaum\", role=\"ctb\"))",
      "Description": "Provides a parallel backend for the %dopar% function using the parallel package.",
      "Depends": [
        "R (>= 2.14.0)",
        "foreach (>= 1.2.0)",
        "iterators (>= 1.0.0)",
        "parallel",
        "utils"
      ],
      "Suggests": [
        "caret",
        "mlbench",
        "rpart",
        "RUnit"
      ],
      "Enhances": [
        "compiler"
      ],
      "License": "GPL-2",
      "URL": "https://github.com/RevolutionAnalytics/doparallel",
      "BugReports": "https://github.com/RevolutionAnalytics/doparallel/issues",
      "NeedsCompilation": "no",
      "Author": "Folashade Daniel [cre], Microsoft Corporation [aut, cph], Steve Weston [aut], Dan Tenenbaum [ctb]",
      "Maintainer": "Folashade Daniel <fdaniel@microsoft.com>",
      "Repository": "CRAN"
    },
    "dplyr": {
      "Package": "dplyr",
      "Version": "1.2.1",
      "Source": "Repository",
      "Type": "Package",
      "Title": "A Grammar of Data Manipulation",
      "Authors@R": "c( person(\"Hadley\", \"Wickham\", , \"hadley@posit.co\", role = c(\"aut\", \"cre\"), comment = c(ORCID = \"0000-0003-4757-117X\")), person(\"Romain\", \"François\", role = \"aut\", comment = c(ORCID = \"0000-0002-2444-4226\")), person(\"Lionel\", \"Henry\", role = \"aut\"), person(\"Kirill\", \"Müller\", role = \"aut\", comment = c(ORCID = \"0000-0002-1416-3412\")), person(\"Davis\", \"Vaughan\", , \"davis@posit.co\", role = \"aut\", comment = c(ORCID = \"0000-0003-4777-038X\")), person(\"Posit Software, PBC\", role = c(\"cph\", \"fnd\")) )",
      "Description": "A fast, consistent tool for working with data frame like objects, both in memory and out of memory.",
      "License": "MIT + file LICENSE",
      "URL": "https://dplyr.tidyverse.org, https://github.com/tidyverse/dplyr",
      "BugReports": "https://github.com/tidyverse/dplyr/issues",
      "Depends": [
        "R (>= 4.1.0)"
      ],
      "Imports": [
        "cli (>= 3.6.2)",
        "generics",
        "glue (>= 1.3.2)",
        "lifecycle (>= 1.0.5)",
        "magrittr (>= 1.5)",
        "methods",
        "pillar (>= 1.9.0)",
        "R6",
        "rlang (>= 1.1.7)",
        "tibble (>= 3.2.0)",
        "tidyselect (>= 1.2.0)",
        "utils",
        "vctrs (>= 0.7.1)"
      ],
      "Suggests": [
        "broom",
        "covr",
        "DBI",
        "dbplyr (>= 2.2.1)",
        "ggplot2",
        "knitr",
        "Lahman",
        "lobstr",
        "nycflights13",
        "purrr",
        "rmarkdown",
        "RSQLite",
        "stringi (>= 1.7.6)",
        "testthat (>= 3.1.5)",
        "tidyr (>= 1.3.0)",
        "withr"
      ],
      "VignetteBuilder": "knitr",
      "Config/build/compilation-database": "true",
      "Config/Needs/website": "tidyverse/tidytemplate",
      "Config/testthat/edition": "3",
      "Encoding": "UTF-8",
      "LazyData": "true",
      "RoxygenNote": "7.3.3",
      "NeedsCompilation": "yes",
      "Author": "Hadley Wickham [aut, cre] (ORCID: <https://orcid.org/0000-0003-4757-117X>), Romain François [aut] (ORCID: <https://orcid.org/0000-0002-2444-4226>), Lionel Henry [aut], Kirill Müller [aut] (ORCID: <https://orcid.org/0000-0002-1416-3412>), Davis Vaughan [aut] (ORCID: <https://orcid.org/0000-0003-4777-038X>), Posit Software, PBC [cph, fnd]",
      "Maintainer": "Hadley Wickham <hadley@posit.co>",
      "Repository": "CRAN"
    },
    "foreach": {
      "Package": "foreach",
      "Version": "1.5.2",
      "Source": "Repository",
      "Type": "Package",
      "Title": "Provides Foreach Looping Construct",
      "Authors@R": "c(person(\"Folashade\", \"Daniel\", role=\"cre\", email=\"fdaniel@microsoft.com\"), person(\"Hong\", \"Ooi\", role=\"ctb\"), person(\"Rich\", \"Calaway\", role=\"ctb\"), person(\"Microsoft\", role=c(\"aut\", \"cph\")), person(\"Steve\", \"Weston\", role=\"aut\"))",
      "Description": "Support for the foreach looping construct.  Foreach is an idiom that allows for iterating over elements in a collection, without the use of an explicit loop counter.  This package in particular is intended to be used for its return value, rather than for its side effects.  In that sense, it is similar to the standard lapply function, but doesn't require the evaluation of a function.  Using foreach without side effects also facilitates executing the loop in parallel.",
      "License": "Apache License (== 2.0)",
      "URL": "https://github.com/RevolutionAnalytics/foreach",
      "BugReports": "https://github.com/RevolutionAnalytics/foreach/issues",
      "Depends": [
        "R (>= 2.5.0)"
      ],
      "Imports": [
        "codetools",
        "utils",
        "iterators"
      ],
      "Suggests": [
        "randomForest",
        "doMC",
        "doParallel",
        "testthat",
        "knitr",
        "rmarkdown"
      ],
      "VignetteBuilder": "knitr",
      "RoxygenNote": "7.1.1",
      "Collate": "'callCombine.R' 'foreach.R' 'do.R' 'foreach-ext.R' 'foreach-pkg.R' 'getDoPar.R' 'getDoSeq.R' 'getsyms.R' 'iter.R' 'nextElem.R' 'onLoad.R' 'setDoPar.R' 'setDoSeq.R' 'times.R' 'utils.R'",
      "NeedsCompilation": "no",
      "Author": "Folashade Daniel [cre], Hong Ooi [ctb], Rich Calaway [ctb], Microsoft [aut, cph], Steve Weston [aut]",
      "Maintainer": "Folashade Daniel <fdaniel@microsoft.com>",
      "Repository": "CRAN"
    },
    "generics": {
      "Package": "generics",
      "Version": "0.1.4",
      "Source": "Repository",
      "Title": "Common S3 Generics not Provided by Base R Methods Related to Model Fitting",
      "Authors@R": "c( person(\"Hadley\", \"Wickham\", , \"hadley@posit.co\", role = c(\"aut\", \"cre\"), comment = c(ORCID = \"0000-0003-4757-117X\")), person(\"Max\", \"Kuhn\", , \"max@posit.co\", role = \"aut\"), person(\"Davis\", \"Vaughan\", , \"davis@posit.co\", role = \"aut\"), person(\"Posit Software, PBC\", role = c(\"cph\", \"fnd\"), comment = c(ROR = \"https://ror.org/03wc8by49\")) )",
      "Description": "In order to reduce potential package dependencies and conflicts, generics provides a number of commonly used S3 generics.",
      "License": "MIT + file LICENSE",
      "URL": "https://generics.r-lib.org, https://github.com/r-lib/generics",
      "BugReports": "https://github.com/r-lib/generics/issues",
      "Depends": [
        "R (>= 3.6)"
      ],
      "Imports": [
        "methods"
      ],
      "Suggests": [
        "covr",
        "pkgload",
        "testthat (>= 3.0.0)",
        "tibble",
        "withr"
      ],
      "Config/Needs/website": "tidyverse/tidytemplate",
      "Config/testthat/edition": "3",
      "Encoding": "UTF-8",
      "RoxygenNote": "7.3.2",
      "NeedsCompilation": "no",
      "Author": "Hadley Wickham [aut, cre] (ORCID: <https://orcid.org/0000-0003-4757-117X>), Max Kuhn [aut], Davis Vaughan [aut], Posit Software, PBC [cph, fnd] (ROR: <https://ror.org/03wc8by49>)",
      "Maintainer": "Hadley Wickham <hadley@posit.co>",
      "Repository": "CRAN"
    },
    "glue": {
      "Package": "glue",
      "Version": "1.8.1",
      "Source": "Repository",
      "Title": "Interpreted String Literals",
      "Authors@R": "c( person(\"Jim\", \"Hester\", role = \"aut\", comment = c(ORCID = \"0000-0002-2739-7082\")), person(\"Jennifer\", \"Bryan\", , \"jenny@posit.co\", role = c(\"aut\", \"cre\"), comment = c(ORCID = \"0000-0002-6983-2759\")), person(\"Posit Software, PBC\", role = c(\"cph\", \"fnd\"), comment = c(ROR = \"03wc8by49\")) )",
      "Description": "An implementation of interpreted string literals, inspired by Python's Literal String Interpolation <https://www.python.org/dev/peps/pep-0498/> and Docstrings <https://www.python.org/dev/peps/pep-0257/> and Julia's Triple-Quoted String Literals <https://docs.julialang.org/en/v1.3/manual/strings/#Triple-Quoted-String-Literals-1>.",
      "License": "MIT + file LICENSE",
      "URL": "https://glue.tidyverse.org/, https://github.com/tidyverse/glue",
      "BugReports": "https://github.com/tidyverse/glue/issues",
      "Depends": [
        "R (>= 4.1)"
      ],
      "Imports": [
        "methods"
      ],
      "Suggests": [
        "crayon",
        "DBI (>= 1.2.0)",
        "dplyr",
        "knitr",
        "rlang",
        "rmarkdown",
        "RSQLite",
        "testthat (>= 3.2.0)",
        "vctrs (>= 0.3.0)",
        "waldo (>= 0.5.3)",
        "withr"
      ],
      "VignetteBuilder": "knitr",
      "ByteCompile": "true",
      "Config/Needs/website": "bench, forcats, ggbeeswarm, ggplot2, R.utils, rprintf, tidyr, tidyverse/tidytemplate",
      "Config/testthat/edition": "3",
      "Config/usethis/last-upkeep": "2026-04-16",
      "Encoding": "UTF-8",
      "RoxygenNote": "7.3.3",
      "NeedsCompilation": "yes",
      "Author": "Jim Hester [aut] (ORCID: <https://orcid.org/0000-0002-2739-7082>), Jennifer Bryan [aut, cre] (ORCID: <https://orcid.org/0000-0002-6983-2759>), Posit Software, PBC [cph, fnd] (ROR: <https://ror.org/03wc8by49>)",
      "Maintainer": "Jennifer Bryan <jenny@posit.co>",
      "Repository": "CRAN"
    },
    "iterators": {
      "Package": "iterators",
      "Version": "1.0.14",
      "Source": "Repository",
      "Type": "Package",
      "Title": "Provides Iterator Construct",
      "Authors@R": "c(person(\"Folashade\", \"Daniel\", role=\"cre\", email=\"fdaniel@microsoft.com\"), person(\"Revolution\", \"Analytics\", role=c(\"aut\", \"cph\")), person(\"Steve\", \"Weston\", role=\"aut\"))",
      "Description": "Support for iterators, which allow a programmer to traverse through all the elements of a vector, list, or other collection of data.",
      "URL": "https://github.com/RevolutionAnalytics/iterators",
      "Depends": [
        "R (>= 2.5.0)",
        "utils"
      ],
      "Suggests": [
        "RUnit",
        "foreach"
      ],
      "License": "Apache License (== 2.0)",
      "NeedsCompilation": "no",
      "Author": "Folashade Daniel [cre], Revolution Analytics [aut, cph], Steve Weston [aut]",
      "Maintainer": "Folashade Daniel <fdaniel@microsoft.com>",
      "Repository": "CRAN"
    },
    "lifecycle": {
      "Package": "lifecycle",
      "Version": "1.0.5",
      "Source": "Repository",
      "Title": "Manage the Life Cycle of your Package Functions",
      "Authors@R": "c( person(\"Lionel\", \"Henry\", , \"lionel@posit.co\", role = c(\"aut\", \"cre\")), person(\"Hadley\", \"Wickham\", , \"hadley@posit.co\", role = \"aut\", comment = c(ORCID = \"0000-0003-4757-117X\")), person(\"Posit Software, PBC\", role = c(\"cph\", \"fnd\")) )",
      "Description": "Manage the life cycle of your exported functions with shared conventions, documentation badges, and user-friendly deprecation warnings.",
      "License": "MIT + file LICENSE",
      "URL": "https://lifecycle.r-lib.org/, https://github.com/r-lib/lifecycle",
      "BugReports": "https://github.com/r-lib/lifecycle/issues",
      "Depends": [
        "R (>= 3.6)"
      ],
      "Imports": [
        "cli (>= 3.4.0)",
        "rlang (>= 1.1.0)"
      ],
      "Suggests": [
        "covr",
        "knitr",
        "lintr (>= 3.1.0)",
        "rmarkdown",
        "testthat (>= 3.0.1)",
        "tibble",
        "tidyverse",
        "tools",
        "vctrs",
        "withr",
        "xml2"
      ],
      "VignetteBuilder": "knitr",
      "Config/Needs/website": "tidyverse/tidytemplate, usethis",
      "Config/testthat/edition": "3",
      "Encoding": "UTF-8",
      "RoxygenNote": "7.3.3",
      "NeedsCompilation": "no",
      "Author": "Lionel Henry [aut, cre], Hadley Wickham [aut] (ORCID: <https://orcid.org/0000-0003-4757-117X>), Posit Software, PBC [cph, fnd]",
      "Maintainer": "Lionel Henry <lionel@posit.co>",
      "Repository": "CRAN"
    },
    "lubridate": {
      "Package": "lubridate",
      "Version": "1.9.5",
      "Source": "Repository",
      "Type": "Package",
      "Title": "Make Dealing with Dates a Little Easier",
      "Authors@R": "c( person(\"Vitalie\", \"Spinu\", , \"spinuvit@gmail.com\", role = c(\"aut\", \"cre\")), person(\"Garrett\", \"Grolemund\", role = \"aut\"), person(\"Hadley\", \"Wickham\", role = \"aut\"), person(\"Davis\", \"Vaughan\", role = \"ctb\"), person(\"Ian\", \"Lyttle\", role = \"ctb\"), person(\"Imanuel\", \"Costigan\", role = \"ctb\"), person(\"Jason\", \"Law\", role = \"ctb\"), person(\"Doug\", \"Mitarotonda\", role = \"ctb\"), person(\"Joseph\", \"Larmarange\", role = \"ctb\"), person(\"Jonathan\", \"Boiser\", role = \"ctb\"), person(\"Chel Hee\", \"Lee\", role = \"ctb\") )",
      "Maintainer": "Vitalie Spinu <spinuvit@gmail.com>",
      "Description": "Functions to work with date-times and time-spans: fast and user friendly parsing of date-time data, extraction and updating of components of a date-time (years, months, days, hours, minutes, and seconds), algebraic manipulation on date-time and time-span objects. The 'lubridate' package has a consistent and memorable syntax that makes working with dates easy and fun.",
      "License": "MIT + file LICENSE",
      "URL": "https://lubridate.tidyverse.org, https://github.com/tidyverse/lubridate",
      "BugReports": "https://github.com/tidyverse/lubridate/issues",
      "Depends": [
        "methods",
        "R (>= 3.2)"
      ],
      "Imports": [
        "generics",
        "timechange (>= 0.4.0)"
      ],
      "Suggests": [
        "covr",
        "knitr",
        "rmarkdown",
        "testthat (>= 2.1.0)",
        "vctrs (>= 0.6.5)"
      ],
      "Enhances": [
        "chron",
        "data.table",
        "timeDate",
        "tis",
        "zoo"
      ],
      "VignetteBuilder": "knitr",
      "Config/Needs/website": "tidyverse/tidytemplate",
      "Config/testthat/edition": "3",
      "Encoding": "UTF-8",
      "LazyData": "true",
      "RoxygenNote": "7.3.3",
      "SystemRequirements": "A system with zoneinfo data (e.g. /usr/share/zoneinfo). On Windows the zoneinfo included with R is used.",
      "Collate": "'Dates.r' 'POSIXt.r' 'util.r' 'parse.r' 'timespans.r' 'intervals.r' 'difftimes.r' 'durations.r' 'periods.r' 'accessors-date.R' 'accessors-day.r' 'accessors-dst.r' 'accessors-hour.r' 'accessors-minute.r' 'accessors-month.r' 'accessors-quarter.r' 'accessors-second.r' 'accessors-tz.r' 'accessors-week.r' 'accessors-year.r' 'am-pm.r' 'time-zones.r' 'numeric.r' 'coercion.r' 'constants.r' 'cyclic_encoding.r' 'data.r' 'decimal-dates.r' 'deprecated.r' 'format_ISO8601.r' 'guess.r' 'hidden.r' 'instants.r' 'leap-years.r' 'ops-addition.r' 'ops-compare.r' 'ops-division.r' 'ops-integer-division.r' 'ops-m+.r' 'ops-modulo.r' 'ops-multiplication.r' 'ops-subtraction.r' 'package.r' 'pretty.r' 'round.r' 'stamp.r' 'tzdir.R' 'update.r' 'vctrs.R' 'zzz.R'",
      "NeedsCompilation": "yes",
      "Author": "Vitalie Spinu [aut, cre], Garrett Grolemund [aut], Hadley Wickham [aut], Davis Vaughan [ctb], Ian Lyttle [ctb], Imanuel Costigan [ctb], Jason Law [ctb], Doug Mitarotonda [ctb], Joseph Larmarange [ctb], Jonathan Boiser [ctb], Chel Hee Lee [ctb]",
      "Repository": "CRAN"
    },
    "magrittr": {
      "Package": "magrittr",
      "Version": "2.0.5",
      "Source": "Repository",
      "Type": "Package",
      "Title": "A Forward-Pipe Operator for R",
      "Authors@R": "c( person(\"Stefan Milton\", \"Bache\", , \"stefan@stefanbache.dk\", role = c(\"aut\", \"cph\"), comment = \"Original author and creator of magrittr\"), person(\"Hadley\", \"Wickham\", , \"hadley@posit.co\", role = \"aut\"), person(\"Lionel\", \"Henry\", , \"lionel@posit.co\", role = \"cre\"), person(\"Posit Software, PBC\", role = c(\"cph\", \"fnd\"), comment = c(ROR = \"03wc8by49\")) )",
      "Description": "Provides a mechanism for chaining commands with a new forward-pipe operator, %>%. This operator will forward a value, or the result of an expression, into the next function call/expression. There is flexible support for the type of right-hand side expressions. For more information, see package vignette.  To quote Rene Magritte, \"Ceci n'est pas un pipe.\"",
      "License": "MIT + file LICENSE",
      "URL": "https://magrittr.tidyverse.org, https://github.com/tidyverse/magrittr",
      "BugReports": "https://github.com/tidyverse/magrittr/issues",
      "Depends": [
        "R (>= 3.4.0)"
      ],
      "Suggests": [
        "covr",
        "knitr",
        "rlang",
        "rmarkdown",
        "testthat"
      ],
      "VignetteBuilder": "knitr",
      "ByteCompile": "Yes",
      "Config/Needs/website": "tidyverse/tidytemplate",
      "Encoding": "UTF-8",
      "RoxygenNote": "7.3.3",
      "NeedsCompilation": "yes",
      "Author": "Stefan Milton Bache [aut, cph] (Original author and creator of magrittr), Hadley Wickham [aut], Lionel Henry [cre], Posit Software, PBC [cph, fnd] (ROR: <https://ror.org/03wc8by49>)",
      "Maintainer": "Lionel Henry <lionel@posit.co>",
      "Repository": "CRAN"
    },
    "pillar": {
      "Package": "pillar",
      "Version": "1.11.1",
      "Source": "Repository",
      "Title": "Coloured Formatting for Columns",
      "Authors@R": "c(person(given = \"Kirill\", family = \"M\\u00fcller\", role = c(\"aut\", \"cre\"), email = \"kirill@cynkra.com\", comment = c(ORCID = \"0000-0002-1416-3412\")), person(given = \"Hadley\", family = \"Wickham\", role = \"aut\"), person(given = \"RStudio\", role = \"cph\"))",
      "Description": "Provides 'pillar' and 'colonnade' generics designed for formatting columns of data using the full range of colours provided by modern terminals.",
      "License": "MIT + file LICENSE",
      "URL": "https://pillar.r-lib.org/, https://github.com/r-lib/pillar",
      "BugReports": "https://github.com/r-lib/pillar/issues",
      "Imports": [
        "cli (>= 2.3.0)",
        "glue",
        "lifecycle",
        "rlang (>= 1.0.2)",
        "utf8 (>= 1.1.0)",
        "utils",
        "vctrs (>= 0.5.0)"
      ],
      "Suggests": [
        "bit64",
        "DBI",
        "debugme",
        "DiagrammeR",
        "dplyr",
        "formattable",
        "ggplot2",
        "knitr",
        "lubridate",
        "nanotime",
        "nycflights13",
        "palmerpenguins",
        "rmarkdown",
        "scales",
        "stringi",
        "survival",
        "testthat (>= 3.1.1)",
        "tibble",
        "units (>= 0.7.2)",
        "vdiffr",
        "withr"
      ],
      "VignetteBuilder": "knitr",
      "Encoding": "UTF-8",
      "RoxygenNote": "7.3.3.9000",
      "Config/testthat/edition": "3",
      "Config/testthat/parallel": "true",
      "Config/testthat/start-first": "format_multi_fuzz, format_multi_fuzz_2, format_multi, ctl_colonnade, ctl_colonnade_1, ctl_colonnade_2",
      "Config/autostyle/scope": "line_breaks",
      "Config/autostyle/strict": "true",
      "Config/gha/extra-packages": "units=?ignore-before-r=4.3.0",
      "Config/Needs/website": "tidyverse/tidytemplate",
      "NeedsCompilation": "no",
      "Author": "Kirill Müller [aut, cre] (ORCID: <https://orcid.org/0000-0002-1416-3412>), Hadley Wickham [aut], RStudio [cph]",
      "Maintainer": "Kirill Müller <kirill@cynkra.com>",
      "Repository": "CRAN"
    },
    "pkgconfig": {
      "Package": "pkgconfig",
      "Version": "2.0.3",
      "Source": "Repository",
      "Title": "Private Configuration for 'R' Packages",
      "Author": "Gábor Csárdi",
      "Maintainer": "Gábor Csárdi <csardi.gabor@gmail.com>",
      "Description": "Set configuration options on a per-package basis. Options set by a given package only apply to that package, other packages are unaffected.",
      "License": "MIT + file LICENSE",
      "LazyData": "true",
      "Imports": [
        "utils"
      ],
      "Suggests": [
        "covr",
        "testthat",
        "disposables (>= 1.0.3)"
      ],
      "URL": "https://github.com/r-lib/pkgconfig#readme",
      "BugReports": "https://github.com/r-lib/pkgconfig/issues",
      "Encoding": "UTF-8",
      "NeedsCompilation": "no",
      "Repository": "CRAN"
    },
    "renv": {
      "Package": "renv",
      "Version": "1.2.3",
      "Source": "Repository",
      "Type": "Package",
      "Title": "Project Environments",
      "Authors@R": "c( person(\"Kevin\", \"Ushey\", role = c(\"aut\", \"cre\"), email = \"kevin@rstudio.com\", comment = c(ORCID = \"0000-0003-2880-7407\")), person(\"Hadley\", \"Wickham\", role = c(\"aut\"), email = \"hadley@rstudio.com\", comment = c(ORCID = \"0000-0003-4757-117X\")), person(\"Posit Software, PBC\", role = c(\"cph\", \"fnd\")) )",
      "Description": "A dependency management toolkit for R. Using 'renv', you can create and manage project-local R libraries, save the state of these libraries to a 'lockfile', and later restore your library as required. Together, these tools can help make your projects more isolated, portable, and reproducible.",
      "License": "MIT + file LICENSE",
      "URL": "https://rstudio.github.io/renv/, https://github.com/rstudio/renv",
      "BugReports": "https://github.com/rstudio/renv/issues",
      "Imports": [
        "utils"
      ],
      "Suggests": [
        "BiocManager",
        "cli",
        "compiler",
        "covr",
        "cpp11",
        "curl",
        "devtools",
        "generics",
        "gitcreds",
        "jsonlite",
        "jsonvalidate",
        "knitr",
        "miniUI",
        "modules",
        "packrat",
        "pak",
        "R6",
        "remotes",
        "reticulate",
        "rmarkdown",
        "rstudioapi",
        "shiny",
        "testthat",
        "uuid",
        "waldo",
        "yaml",
        "webfakes"
      ],
      "Encoding": "UTF-8",
      "RoxygenNote": "7.3.3",
      "VignetteBuilder": "knitr",
      "Config/Needs/website": "tidyverse/tidytemplate",
      "Config/testthat/edition": "3",
      "Config/testthat/parallel": "true",
      "Config/testthat/start-first": "bioconductor,python,install,restore,snapshot,retrieve,remotes",
      "NeedsCompilation": "no",
      "Author": "Kevin Ushey [aut, cre] (ORCID: <https://orcid.org/0000-0003-2880-7407>), Hadley Wickham [aut] (ORCID: <https://orcid.org/0000-0003-4757-117X>), Posit Software, PBC [cph, fnd]",
      "Maintainer": "Kevin Ushey <kevin@rstudio.com>",
      "Repository": "CRAN"
    },
    "rjson": {
      "Package": "rjson",
      "Version": "0.2.23",
      "Source": "Repository",
      "Title": "JSON for R",
      "Author": "Alex Couture-Beil [aut, cre]",
      "Authors@R": "person(given = \"Alex\", family = \"Couture-Beil\", role = c(\"aut\", \"cre\"), email = \"rjson_pkg@mofo.ca\")",
      "Maintainer": "Alex Couture-Beil <rjson_pkg@mofo.ca>",
      "Depends": [
        "R (>= 4.0.0)"
      ],
      "Description": "Converts R object into JSON objects and vice-versa.",
      "URL": "https://github.com/alexcb/rjson",
      "License": "GPL-2",
      "Repository": "CRAN",
      "NeedsCompilation": "yes"
    },
    "rlang": {
      "Package": "rlang",
      "Version": "1.2.0",
      "Source": "Repository",
      "Title": "Functions for Base Types and Core R and 'Tidyverse' Features",
      "Description": "A toolbox for working with base types, core R features like the condition system, and core 'Tidyverse' features like tidy evaluation.",
      "Authors@R": "c( person(\"Lionel\", \"Henry\", ,\"lionel@posit.co\", c(\"aut\", \"cre\")), person(\"Hadley\", \"Wickham\", ,\"hadley@posit.co\", \"aut\"), person(given = \"mikefc\", email = \"mikefc@coolbutuseless.com\", role = \"cph\", comment = \"Hash implementation based on Mike's xxhashlite\"), person(given = \"Yann\", family = \"Collet\", role = \"cph\", comment = \"Author of the embedded xxHash library\"), person(given = \"Posit, PBC\", role = c(\"cph\", \"fnd\")) )",
      "License": "MIT + file LICENSE",
      "ByteCompile": "true",
      "Biarch": "true",
      "Depends": [
        "R (>= 4.0.0)"
      ],
      "Imports": [
        "utils"
      ],
      "Suggests": [
        "cli (>= 3.1.0)",
        "covr",
        "crayon",
        "desc",
        "fs",
        "glue",
        "knitr",
        "magrittr",
        "methods",
        "pillar",
        "pkgload",
        "rmarkdown",
        "stats",
        "testthat (>= 3.3.2)",
        "tibble",
        "usethis",
        "vctrs (>= 0.2.3)",
        "withr"
      ],
      "Enhances": [
        "winch"
      ],
      "Encoding": "UTF-8",
      "RoxygenNote": "7.3.3",
      "URL": "https://rlang.r-lib.org, https://github.com/r-lib/rlang",
      "BugReports": "https://github.com/r-lib/rlang/issues",
      "Config/build/compilation-database": "true",
      "Config/testthat/edition": "3",
      "Config/Needs/website": "dplyr, tidyverse/tidytemplate",
      "NeedsCompilation": "yes",
      "Author": "Lionel Henry [aut, cre], Hadley Wickham [aut], mikefc [cph] (Hash implementation based on Mike's xxhashlite), Yann Collet [cph] (Author of the embedded xxHash library), Posit, PBC [cph, fnd]",
      "Maintainer": "Lionel Henry <lionel@posit.co>",
      "Repository": "CRAN"
    },
    "tibble": {
      "Package": "tibble",
      "Version": "3.3.1",
      "Source": "Repository",
      "Title": "Simple Data Frames",
      "Authors@R": "c( person(\"Kirill\", \"Müller\", , \"kirill@cynkra.com\", role = c(\"aut\", \"cre\"), comment = c(ORCID = \"0000-0002-1416-3412\")), person(\"Hadley\", \"Wickham\", , \"hadley@rstudio.com\", role = \"aut\"), person(\"Romain\", \"Francois\", , \"romain@r-enthusiasts.com\", role = \"ctb\"), person(\"Jennifer\", \"Bryan\", , \"jenny@rstudio.com\", role = \"ctb\"), person(\"Posit Software, PBC\", role = c(\"cph\", \"fnd\"), comment = c(ROR = \"03wc8by49\")) )",
      "Description": "Provides a 'tbl_df' class (the 'tibble') with stricter checking and better formatting than the traditional data frame.",
      "License": "MIT + file LICENSE",
      "URL": "https://tibble.tidyverse.org/, https://github.com/tidyverse/tibble",
      "BugReports": "https://github.com/tidyverse/tibble/issues",
      "Depends": [
        "R (>= 3.4.0)"
      ],
      "Imports": [
        "cli",
        "lifecycle (>= 1.0.0)",
        "magrittr",
        "methods",
        "pillar (>= 1.8.1)",
        "pkgconfig",
        "rlang (>= 1.0.2)",
        "utils",
        "vctrs (>= 0.5.0)"
      ],
      "Suggests": [
        "bench",
        "bit64",
        "blob",
        "brio",
        "callr",
        "DiagrammeR",
        "dplyr",
        "evaluate",
        "formattable",
        "ggplot2",
        "here",
        "hms",
        "htmltools",
        "knitr",
        "lubridate",
        "nycflights13",
        "pkgload",
        "purrr",
        "rmarkdown",
        "stringi",
        "testthat (>= 3.0.2)",
        "tidyr",
        "withr"
      ],
      "VignetteBuilder": "knitr",
      "Config/autostyle/rmd": "false",
      "Config/autostyle/scope": "line_breaks",
      "Config/autostyle/strict": "true",
      "Config/Needs/website": "tidyverse/tidytemplate",
      "Config/testthat/edition": "3",
      "Config/testthat/parallel": "true",
      "Config/testthat/start-first": "vignette-formats, as_tibble, add, invariants",
      "Config/usethis/last-upkeep": "2025-06-07",
      "Encoding": "UTF-8",
      "RoxygenNote": "7.3.3.9000",
      "NeedsCompilation": "yes",
      "Author": "Kirill Müller [aut, cre] (ORCID: <https://orcid.org/0000-0002-1416-3412>), Hadley Wickham [aut], Romain Francois [ctb], Jennifer Bryan [ctb], Posit Software, PBC [cph, fnd] (ROR: <https://ror.org/03wc8by49>)",
      "Maintainer": "Kirill Müller <kirill@cynkra.com>",
      "Repository": "CRAN"
    },
    "tidyselect": {
      "Package": "tidyselect",
      "Version": "1.2.1",
      "Source": "Repository",
      "Title": "Select from a Set of Strings",
      "Authors@R": "c( person(\"Lionel\", \"Henry\", , \"lionel@posit.co\", role = c(\"aut\", \"cre\")), person(\"Hadley\", \"Wickham\", , \"hadley@posit.co\", role = \"aut\"), person(\"Posit Software, PBC\", role = c(\"cph\", \"fnd\")) )",
      "Description": "A backend for the selecting functions of the 'tidyverse'.  It makes it easy to implement select-like functions in your own packages in a way that is consistent with other 'tidyverse' interfaces for selection.",
      "License": "MIT + file LICENSE",
      "URL": "https://tidyselect.r-lib.org, https://github.com/r-lib/tidyselect",
      "BugReports": "https://github.com/r-lib/tidyselect/issues",
      "Depends": [
        "R (>= 3.4)"
      ],
      "Imports": [
        "cli (>= 3.3.0)",
        "glue (>= 1.3.0)",
        "lifecycle (>= 1.0.3)",
        "rlang (>= 1.0.4)",
        "vctrs (>= 0.5.2)",
        "withr"
      ],
      "Suggests": [
        "covr",
        "crayon",
        "dplyr",
        "knitr",
        "magrittr",
        "rmarkdown",
        "stringr",
        "testthat (>= 3.1.1)",
        "tibble (>= 2.1.3)"
      ],
      "VignetteBuilder": "knitr",
      "ByteCompile": "true",
      "Config/testthat/edition": "3",
      "Config/Needs/website": "tidyverse/tidytemplate",
      "Encoding": "UTF-8",
      "RoxygenNote": "7.3.0.9000",
      "NeedsCompilation": "yes",
      "Author": "Lionel Henry [aut, cre], Hadley Wickham [aut], Posit Software, PBC [cph, fnd]",
      "Maintainer": "Lionel Henry <lionel@posit.co>",
      "Repository": "CRAN"
    },
    "timechange": {
      "Package": "timechange",
      "Version": "0.4.0",
      "Source": "Repository",
      "Title": "Efficient Manipulation of Date-Times",
      "Authors@R": "c(person(\"Vitalie\", \"Spinu\", email = \"spinuvit@gmail.com\", role = c(\"aut\", \"cre\")), person(\"Google Inc.\", role = c(\"ctb\", \"cph\")))",
      "Description": "Efficient routines for manipulation of date-time objects while accounting for time-zones and daylight saving times. The package includes utilities for updating of date-time components (year, month, day etc.), modification of time-zones, rounding of date-times, period addition and subtraction etc. Parts of the 'CCTZ' source code, released under the Apache 2.0 License, are included in this package. See <https://github.com/google/cctz> for more details.",
      "Depends": [
        "R (>= 3.3)"
      ],
      "License": "GPL (>= 3)",
      "Encoding": "UTF-8",
      "LinkingTo": [
        "cpp11 (>= 0.2.7)"
      ],
      "Suggests": [
        "testthat (>= 0.7.1.99)",
        "knitr"
      ],
      "SystemRequirements": "A system with zoneinfo data (e.g. /usr/share/zoneinfo). On Windows the zoneinfo included with R is used.",
      "BugReports": "https://github.com/vspinu/timechange/issues",
      "URL": "https://github.com/vspinu/timechange/",
      "RoxygenNote": "7.2.1",
      "NeedsCompilation": "yes",
      "Author": "Vitalie Spinu [aut, cre], Google Inc. [ctb, cph]",
      "Maintainer": "Vitalie Spinu <spinuvit@gmail.com>",
      "Repository": "CRAN"
    },
    "utf8": {
      "Package": "utf8",
      "Version": "1.2.6",
      "Source": "Repository",
      "Title": "Unicode Text Processing",
      "Authors@R": "c(person(given = c(\"Patrick\", \"O.\"), family = \"Perry\", role = c(\"aut\", \"cph\")), person(given = \"Kirill\", family = \"M\\u00fcller\", role = \"cre\", email = \"kirill@cynkra.com\", comment = c(ORCID = \"0000-0002-1416-3412\")), person(given = \"Unicode, Inc.\", role = c(\"cph\", \"dtc\"), comment = \"Unicode Character Database\"))",
      "Description": "Process and print 'UTF-8' encoded international text (Unicode). Input, validate, normalize, encode, format, and display.",
      "License": "Apache License (== 2.0) | file LICENSE",
      "URL": "https://krlmlr.github.io/utf8/, https://github.com/krlmlr/utf8",
      "BugReports": "https://github.com/krlmlr/utf8/issues",
      "Depends": [
        "R (>= 2.10)"
      ],
      "Suggests": [
        "cli",
        "covr",
        "knitr",
        "rlang",
        "rmarkdown",
        "testthat (>= 3.0.0)",
        "withr"
      ],
      "VignetteBuilder": "knitr, rmarkdown",
      "Config/testthat/edition": "3",
      "Encoding": "UTF-8",
      "RoxygenNote": "7.3.2.9000",
      "NeedsCompilation": "yes",
      "Author": "Patrick O. Perry [aut, cph], Kirill Müller [cre] (ORCID: <https://orcid.org/0000-0002-1416-3412>), Unicode, Inc. [cph, dtc] (Unicode Character Database)",
      "Maintainer": "Kirill Müller <kirill@cynkra.com>",
      "Repository": "CRAN"
    },
    "vctrs": {
      "Package": "vctrs",
      "Version": "0.7.3",
      "Source": "Repository",
      "Title": "Vector Helpers",
      "Authors@R": "c( person(\"Hadley\", \"Wickham\", , \"hadley@posit.co\", role = \"aut\"), person(\"Lionel\", \"Henry\", , \"lionel@posit.co\", role = \"aut\"), person(\"Davis\", \"Vaughan\", , \"davis@posit.co\", role = c(\"aut\", \"cre\")), person(\"data.table team\", role = \"cph\", comment = \"Radix sort based on data.table's forder() and their contribution to R's order()\"), person(\"Posit Software, PBC\", role = c(\"cph\", \"fnd\")) )",
      "Description": "Defines new notions of prototype and size that are used to provide tools for consistent and well-founded type-coercion and size-recycling, and are in turn connected to ideas of type- and size-stability useful for analysing function interfaces.",
      "License": "MIT + file LICENSE",
      "URL": "https://vctrs.r-lib.org/, https://github.com/r-lib/vctrs",
      "BugReports": "https://github.com/r-lib/vctrs/issues",
      "Depends": [
        "R (>= 4.0.0)"
      ],
      "Imports": [
        "cli (>= 3.4.0)",
        "glue",
        "lifecycle (>= 1.0.3)",
        "rlang (>= 1.1.7)"
      ],
      "Suggests": [
        "bit64",
        "covr",
        "crayon",
        "dplyr (>= 0.8.5)",
        "generics",
        "knitr",
        "pillar (>= 1.4.4)",
        "pkgdown (>= 2.0.1)",
        "rmarkdown",
        "testthat (>= 3.0.0)",
        "tibble (>= 3.1.3)",
        "waldo (>= 0.2.0)",
        "withr",
        "xml2",
        "zeallot"
      ],
      "VignetteBuilder": "knitr",
      "Config/build/compilation-database": "true",
      "Config/Needs/website": "tidyverse/tidytemplate",
      "Config/testthat/edition": "3",
      "Config/testthat/parallel": "true",
      "Encoding": "UTF-8",
      "KeepSource": "true",
      "Language": "en-GB",
      "RoxygenNote": "7.3.3",
      "NeedsCompilation": "yes",
      "Author": "Hadley Wickham [aut], Lionel Henry [aut], Davis Vaughan [aut, cre], data.table team [cph] (Radix sort based on data.table's forder() and their contribution to R's order()), Posit Software, PBC [cph, fnd]",
      "Maintainer": "Davis Vaughan <davis@posit.co>",
      "Repository": "CRAN"
    },
    "withr": {
      "Package": "withr",
      "Version": "3.0.2",
      "Source": "Repository",
      "Title": "Run Code 'With' Temporarily Modified Global State",
      "Authors@R": "c( person(\"Jim\", \"Hester\", role = \"aut\"), person(\"Lionel\", \"Henry\", , \"lionel@posit.co\", role = c(\"aut\", \"cre\")), person(\"Kirill\", \"Müller\", , \"krlmlr+r@mailbox.org\", role = \"aut\"), person(\"Kevin\", \"Ushey\", , \"kevinushey@gmail.com\", role = \"aut\"), person(\"Hadley\", \"Wickham\", , \"hadley@posit.co\", role = \"aut\"), person(\"Winston\", \"Chang\", role = \"aut\"), person(\"Jennifer\", \"Bryan\", role = \"ctb\"), person(\"Richard\", \"Cotton\", role = \"ctb\"), person(\"Posit Software, PBC\", role = c(\"cph\", \"fnd\")) )",
      "Description": "A set of functions to run code 'with' safely and temporarily modified global state. Many of these functions were originally a part of the 'devtools' package, this provides a simple package with limited dependencies to provide access to these functions.",
      "License": "MIT + file LICENSE",
      "URL": "https://withr.r-lib.org, https://github.com/r-lib/withr#readme",
      "BugReports": "https://github.com/r-lib/withr/issues",
      "Depends": [
        "R (>= 3.6.0)"
      ],
      "Imports": [
        "graphics",
        "grDevices"
      ],
      "Suggests": [
        "callr",
        "DBI",
        "knitr",
        "methods",
        "rlang",
        "rmarkdown (>= 2.12)",
        "RSQLite",
        "testthat (>= 3.0.0)"
      ],
      "VignetteBuilder": "knitr",
      "Config/Needs/website": "tidyverse/tidytemplate",
      "Config/testthat/edition": "3",
      "Encoding": "UTF-8",
      "RoxygenNote": "7.3.2",
      "Collate": "'aaa.R' 'collate.R' 'connection.R' 'db.R' 'defer-exit.R' 'standalone-defer.R' 'defer.R' 'devices.R' 'local_.R' 'with_.R' 'dir.R' 'env.R' 'file.R' 'language.R' 'libpaths.R' 'locale.R' 'makevars.R' 'namespace.R' 'options.R' 'par.R' 'path.R' 'rng.R' 'seed.R' 'wrap.R' 'sink.R' 'tempfile.R' 'timezone.R' 'torture.R' 'utils.R' 'with.R'",
      "NeedsCompilation": "no",
      "Author": "Jim Hester [aut], Lionel Henry [aut, cre], Kirill Müller [aut], Kevin Ushey [aut], Hadley Wickham [aut], Winston Chang [aut], Jennifer Bryan [ctb], Richard Cotton [ctb], Posit Software, PBC [cph, fnd]",
      "Maintainer": "Lionel Henry <lionel@posit.co>",
      "Repository": "CRAN"
    }
  }
}
