{
  "R": {
    "Version": "4.1.3",
    "Repositories": [
      {
        "Name": "CRAN",
        "URL": "https://cran.rstudio.com"
      }
    ]
  },
  "Packages": {
    "R6": {
      "Package": "R6",
      "Version": "2.6.1",
      "Source": "Repository",
      "Repository": "CRAN",
      "Hash": "d4335fe7207f1c01ab8c41762f5840d4",
      "Requirements": []
    },
    "cli": {
      "Package": "cli",
      "Version": "3.6.5",
      "Source": "Repository",
      "Repository": "CRAN",
      "Hash": "16850760556401a2eeb27d39bd11c9cb",
      "Requirements": []
    },
    "codetools": {
      "Package": "codetools",
      "Version": "0.2-18",
      "Source": "Repository",
      "Repository": "CRAN",
      "Hash": "019388fc48e48b3da0d3a76ff94608a8",
      "Requirements": []
    },
    "cpp11": {
      "Package": "cpp11",
      "Version": "0.5.3",
      "Source": "Repository",
      "Repository": "CRAN",
      "Hash": "af5958631ca49510aff96d0f5c0bbb76",
      "Requirements": []
    },
    "data.table": {
      "Package": "data.table",
      "Version": "1.17.8",
      "Source": "Repository",
      "Repository": "CRAN",
      "Hash": "1d991cd6160fa7b1fdbd3689034cbd15",
      "Requirements": []
    },
    "doParallel": {
      "Package": "doParallel",
      "Version": "1.0.17",
      "Source": "Repository",
      "Repository": "CRAN",
      "Hash": "451e5edf411987991ab6a5410c45011f",
      "Requirements": [
        "foreach",
        "iterators"
      ]
    },
    "dplyr": {
      "Package": "dplyr",
      "Version": "1.2.0",
      "Source": "Repository",
      "Repository": "CRAN",
      "Hash": "71a469a5d5f9fdbf7de6c0dbeece0e22",
      "Requirements": [
        "R6",
        "cli",
        "generics",
        "glue",
        "lifecycle",
        "magrittr",
        "pillar",
        "rlang",
        "tibble",
        "tidyselect",
        "vctrs"
      ]
    },
    "foreach": {
      "Package": "foreach",
      "Version": "1.5.2",
      "Source": "Repository",
      "Repository": "CRAN",
      "Hash": "618609b42c9406731ead03adf5379850",
      "Requirements": [
        "codetools",
        "iterators"
      ]
    },
    "fs": {
      "Package": "fs",
      "Version": "1.6.6",
      "Source": "Repository",
      "Repository": "CRAN",
      "Hash": "7eb1e342eee7e0a7449c49cdaa526d39",
      "Requirements": []
    },
    "generics": {
      "Package": "generics",
      "Version": "0.1.4",
      "Source": "Repository",
      "Repository": "CRAN",
      "Hash": "4b29bf698d0c7bdb9f1e4976e7ade41d",
      "Requirements": []
    },
    "glue": {
      "Package": "glue",
      "Version": "1.8.0",
      "Source": "Repository",
      "Repository": "CRAN",
      "Hash": "5899f1eaa825580172bb56c08266f37c",
      "Requirements": []
    },
    "iterators": {
      "Package": "iterators",
      "Version": "1.0.14",
      "Source": "Repository",
      "Repository": "CRAN",
      "Hash": "8954069286b4b2b0d023d1b288dce978",
      "Requirements": []
    },
    "lifecycle": {
      "Package": "lifecycle",
      "Version": "1.0.5",
      "Source": "Repository",
      "Repository": "CRAN",
      "Hash": "36dbfe4fba6c064db50a671a90297c85",
      "Requirements": [
        "cli",
        "rlang"
      ]
    },
    "lubridate": {
      "Package": "lubridate",
      "Version": "1.9.3",
      "Source": "Repository",
      "Repository": "CRAN",
      "Hash": "680ad542fbcf801442c83a6ac5a2126c",
      "Requirements": [
        "generics",
        "timechange"
      ]
    },
    "magrittr": {
      "Package": "magrittr",
      "Version": "2.0.4",
      "Source": "Repository",
      "Repository": "CRAN",
      "Hash": "8b3b213aa0c54a0dec254288ccb545d1",
      "Requirements": []
    },
    "pillar": {
      "Package": "pillar",
      "Version": "1.11.1",
      "Source": "Repository",
      "Repository": "CRAN",
      "Hash": "1395e64f2689ffd503657778e810cee2",
      "Requirements": [
        "cli",
        "glue",
        "lifecycle",
        "rlang",
        "utf8",
        "vctrs"
      ]
    },
    "pkgconfig": {
      "Package": "pkgconfig",
      "Version": "2.0.3",
      "Source": "Repository",
      "Repository": "CRAN",
      "Hash": "01f28d4278f15c76cddbea05899c5d6f",
      "Requirements": []
    },
    "renv": {
      "Package": "renv",
      "Version": "0.16.0",
      "Source": "Repository",
      "Repository": "CRAN",
      "Hash": "c9e8442ab69bc21c9697ecf856c1e6c7",
      "Requirements": []
    },
    "rjson": {
      "Package": "rjson",
      "Version": "0.2.23",
      "Source": "Repository",
      "Repository": "CRAN",
      "Hash": "7a04e9eff95857dbf557b4e5f0b3d1a8",
      "Requirements": []
    },
    "rlang": {
      "Package": "rlang",
      "Version": "1.1.7",
      "Source": "Repository",
      "Repository": "CRAN",
      "Hash": "34c0d101f4613098abc538b82e0d86c5",
      "Requirements": []
    },
    "tibble": {
      "Package": "tibble",
      "Version": "3.3.1",
      "Source": "Repository",
      "Repository": "CRAN",
      "Hash": "c55df870972551cac674b50cadb2d51f",
      "Requirements": [
        "cli",
        "lifecycle",
        "magrittr",
        "pillar",
        "pkgconfig",
        "rlang",
        "vctrs"
      ]
    },
    "tidyselect": {
      "Package": "tidyselect",
      "Version": "1.2.1",
      "Source": "Repository",
      "Repository": "CRAN",
      "Hash": "829f27b9c4919c16b593794a6344d6c0",
      "Requirements": [
        "cli",
        "glue",
        "lifecycle",
        "rlang",
        "vctrs",
        "withr"
      ]
    },
    "timechange": {
      "Package": "timechange",
      "Version": "0.2.0",
      "Source": "Repository",
      "Repository": "CRAN",
      "Hash": "8548b44f79a35ba1791308b61e6012d7",
      "Requirements": [
        "cpp11"
      ]
    },
    "utf8": {
      "Package": "utf8",
      "Version": "1.2.6",
      "Source": "Repository",
      "Repository": "CRAN",
      "Hash": "d526d558be176e9ceb68c3d1e83479b7",
      "Requirements": []
    },
    "vctrs": {
      "Package": "vctrs",
      "Version": "0.7.1",
      "Source": "Repository",
      "Repository": "CRAN",
      "Hash": "c64e64d93489bb62bb8747bbb9e06c09",
      "Requirements": [
        "cli",
        "glue",
        "lifecycle",
        "rlang"
      ]
    },
    "withr": {
      "Package": "withr",
      "Version": "3.0.2",
      "Source": "Repository",
      "Repository": "CRAN",
      "Hash": "cc2d62c76458d425210d1eb1478b30b4",
      "Requirements": []
    }
  }
}
